
Microsoft Visual Studio Solution File, Format Version 12.00
# Visual Studio Version 16
VisualStudioVersion = 16.0.29411.108
MinimumVisualStudioVersion = 10.0.40219.1
Project("{9A19103F-16F7-4668-BE54-9A1E7A4F7556}") = "Jeu_de_math", "Jeu_de_math.csproj", "{8A5B2E3E-4B83-4B09-B6C0-57C3E1434AD3}"
EndProject
Project("{FAE04EC0-301F-11D3-BF4B-00C04F79EFBC}") = "PizzaConsole", "..\PizzaConsole\PizzaConsole.csproj", "{AB46E78B-8B57-4620-AC72-E3D31CC2D897}"
EndProject
Global
	GlobalSection(SolutionConfigurationPlatforms) = preSolution
		Debug|Any CPU = Debug|Any CPU
		Release|Any CPU = Release|Any CPU
	EndGlobalSection
	GlobalSection(ProjectConfigurationPlatforms) = postSolution
		{8A5B2E3E-4B83-4B09-B6C0-57C3E1434AD3}.Debug|Any CPU.ActiveCfg = Debug|Any CPU
		{8A5B2E3E-4B83-4B09-B6C0-57C3E1434AD3}.Debug|Any CPU.Build.0 = Debug|Any CPU
		{8A5B2E3E-4B83-4B09-B6C0-57C3E1434AD3}.Release|Any CPU.ActiveCfg = Release|Any CPU
		{8A5B2E3E-4B83-4B09-B6C0-57C3E1434AD3}.Release|Any CPU.Build.0 = Release|Any CPU
		{AB46E78B-8B57-4620-AC72-E3D31CC2D897}.Debug|Any CPU.ActiveCfg = Debug|Any CPU
		{AB46E78B-8B57-4620-AC72-E3D31CC2D897}.Debug|Any CPU.Build.0 = Debug|Any CPU
		{AB46E78B-8B57-4620-AC72-E3D31CC2D897}.Release|Any CPU.ActiveCfg = Release|Any CPU
		{AB46E78B-8B57-4620-AC72-E3D31CC2D897}.Release|Any CPU.Build.0 = Release|Any CPU
	EndGlobalSection
	GlobalSection(SolutionProperties) = preSolution
		HideSolutionNode = FALSE
	EndGlobalSection
	GlobalSection(ExtensibilityGlobals) = postSolution
		SolutionGuid = {E7B859F4-8A94-4118-A1DE-4840302EE25C}
	EndGlobalSection
EndGlobal
